
Microsoft Visual Studio Solution File, Format Version 12.00
# Visual Studio Version 17
VisualStudioVersion = 17.14.36717.8
MinimumVisualStudioVersion = 10.0.40219.1
Project("{FAE04EC0-301F-11D3-BF4B-00C04F79EFBC}") = "MOE.Archive.Api", "MOE.Archive.Api\MOE.Archive.Api.csproj", "{A2EDC6F4-6049-4138-A11F-74BB64E28FC9}"
EndProject
Project("{FAE04EC0-301F-11D3-BF4B-00C04F79EFBC}") = "MOE.Archive.Application", "MOE.Archive.Application\MOE.Archive.Application.csproj", "{ED89FE78-1C8C-45FE-9FFD-3344B1489C31}"
EndProject
Project("{FAE04EC0-301F-11D3-BF4B-00C04F79EFBC}") = "MOE.Archive.Domain", "MOE.Archive.Domain\MOE.Archive.Domain.csproj", "{D212E185-2852-4E12-B8B3-C02BFD7B1718}"
EndProject
Project("{FAE04EC0-301F-11D3-BF4B-00C04F79EFBC}") = "MOE.Archive.Infrastructure", "MOE.Archive.Infrastructure\MOE.Archive.Infrastructure.csproj", "{BC1814C7-44AA-4FB4-B23D-CEF5CC0C33C1}"
EndProject
Global
	GlobalSection(SolutionConfigurationPlatforms) = preSolution
		Debug|Any CPU = Debug|Any CPU
		Release|Any CPU = Release|Any CPU
	EndGlobalSection
	GlobalSection(ProjectConfigurationPlatforms) = postSolution
		{A2EDC6F4-6049-4138-A11F-74BB64E28FC9}.Debug|Any CPU.ActiveCfg = Debug|Any CPU
		{A2EDC6F4-6049-4138-A11F-74BB64E28FC9}.Debug|Any CPU.Build.0 = Debug|Any CPU
		{A2EDC6F4-6049-4138-A11F-74BB64E28FC9}.Release|Any CPU.ActiveCfg = Release|Any CPU
		{A2EDC6F4-6049-4138-A11F-74BB64E28FC9}.Release|Any CPU.Build.0 = Release|Any CPU
		{ED89FE78-1C8C-45FE-9FFD-3344B1489C31}.Debug|Any CPU.ActiveCfg = Debug|Any CPU
		{ED89FE78-1C8C-45FE-9FFD-3344B1489C31}.Debug|Any CPU.Build.0 = Debug|Any CPU
		{ED89FE78-1C8C-45FE-9FFD-3344B1489C31}.Release|Any CPU.ActiveCfg = Release|Any CPU
		{ED89FE78-1C8C-45FE-9FFD-3344B1489C31}.Release|Any CPU.Build.0 = Release|Any CPU
		{D212E185-2852-4E12-B8B3-C02BFD7B1718}.Debug|Any CPU.ActiveCfg = Debug|Any CPU
		{D212E185-2852-4E12-B8B3-C02BFD7B1718}.Debug|Any CPU.Build.0 = Debug|Any CPU
		{D212E185-2852-4E12-B8B3-C02BFD7B1718}.Release|Any CPU.ActiveCfg = Release|Any CPU
		{D212E185-2852-4E12-B8B3-C02BFD7B1718}.Release|Any CPU.Build.0 = Release|Any CPU
		{BC1814C7-44AA-4FB4-B23D-CEF5CC0C33C1}.Debug|Any CPU.ActiveCfg = Debug|Any CPU
		{BC1814C7-44AA-4FB4-B23D-CEF5CC0C33C1}.Debug|Any CPU.Build.0 = Debug|Any CPU
		{BC1814C7-44AA-4FB4-B23D-CEF5CC0C33C1}.Release|Any CPU.ActiveCfg = Release|Any CPU
		{BC1814C7-44AA-4FB4-B23D-CEF5CC0C33C1}.Release|Any CPU.Build.0 = Release|Any CPU
	EndGlobalSection
	GlobalSection(SolutionProperties) = preSolution
		HideSolutionNode = FALSE
	EndGlobalSection
	GlobalSection(ExtensibilityGlobals) = postSolution
		SolutionGuid = {0DEA52CB-B466-458B-BAB9-EFECEAD9D17A}
	EndGlobalSection
EndGlobal
